
Microsoft Visual Studio Solution File, Format Version 12.00
# Visual Studio Version 16
VisualStudioVersion = 16.0.31205.134
MinimumVisualStudioVersion = 10.0.40219.1
Project("{FAE04EC0-301F-11D3-BF4B-00C04F79EFBC}") = "EsDnevnik2.0", "EsDnevnik2.0.csproj", "{F471447C-12ED-4BA1-A8FC-E1C00522078A}"
EndProject
Global
	GlobalSection(SolutionConfigurationPlatforms) = preSolution
		Debug|Any CPU = Debug|Any CPU
		Release|Any CPU = Release|Any CPU
	EndGlobalSection
	GlobalSection(ProjectConfigurationPlatforms) = postSolution
		{F471447C-12ED-4BA1-A8FC-E1C00522078A}.Debug|Any CPU.ActiveCfg = Debug|Any CPU
		{F471447C-12ED-4BA1-A8FC-E1C00522078A}.Debug|Any CPU.Build.0 = Debug|Any CPU
		{F471447C-12ED-4BA1-A8FC-E1C00522078A}.Release|Any CPU.ActiveCfg = Release|Any CPU
		{F471447C-12ED-4BA1-A8FC-E1C00522078A}.Release|Any CPU.Build.0 = Release|Any CPU
	EndGlobalSection
	GlobalSection(SolutionProperties) = preSolution
		HideSolutionNode = FALSE
	EndGlobalSection
	GlobalSection(ExtensibilityGlobals) = postSolution
		SolutionGuid = {E15BA17D-8DCC-47CA-B499-E1C32D2856DC}
	EndGlobalSection
EndGlobal
